
Microsoft Visual Studio Solution File, Format Version 12.00
# Visual Studio Version 17
VisualStudioVersion = 17.3.32929.385
MinimumVisualStudioVersion = 10.0.40219.1
Project("{8BC9CEB8-8B4A-11D0-8D11-00A0C91BC942}") = "WinApi", "WinApi\WinApi.vcxproj", "{EC1BEFA7-9B19-43F9-951F-36F4A9236CD5}"
	ProjectSection(ProjectDependencies) = postProject
		{5375E1EA-7204-4214-9C38-958962D81FEB} = {5375E1EA-7204-4214-9C38-958962D81FEB}
	EndProjectSection
EndProject
Project("{8BC9CEB8-8B4A-11D0-8D11-00A0C91BC942}") = "Engine", "Engine\Engine.vcxproj", "{5375E1EA-7204-4214-9C38-958962D81FEB}"
EndProject
Global
	GlobalSection(SolutionConfigurationPlatforms) = preSolution
		Debug|x64 = Debug|x64
		Debug|x86 = Debug|x86
		Release|x64 = Release|x64
		Release|x86 = Release|x86
	EndGlobalSection
	GlobalSection(ProjectConfigurationPlatforms) = postSolution
		{EC1BEFA7-9B19-43F9-951F-36F4A9236CD5}.Debug|x64.ActiveCfg = Debug|x64
		{EC1BEFA7-9B19-43F9-951F-36F4A9236CD5}.Debug|x64.Build.0 = Debug|x64
		{EC1BEFA7-9B19-43F9-951F-36F4A9236CD5}.Debug|x86.ActiveCfg = Debug|Win32
		{EC1BEFA7-9B19-43F9-951F-36F4A9236CD5}.Debug|x86.Build.0 = Debug|Win32
		{EC1BEFA7-9B19-43F9-951F-36F4A9236CD5}.Release|x64.ActiveCfg = Release|x64
		{EC1BEFA7-9B19-43F9-951F-36F4A9236CD5}.Release|x64.Build.0 = Release|x64
		{EC1BEFA7-9B19-43F9-951F-36F4A9236CD5}.Release|x86.ActiveCfg = Release|Win32
		{EC1BEFA7-9B19-43F9-951F-36F4A9236CD5}.Release|x86.Build.0 = Release|Win32
		{5375E1EA-7204-4214-9C38-958962D81FEB}.Debug|x64.ActiveCfg = Debug|x64
		{5375E1EA-7204-4214-9C38-958962D81FEB}.Debug|x64.Build.0 = Debug|x64
		{5375E1EA-7204-4214-9C38-958962D81FEB}.Debug|x86.ActiveCfg = Debug|Win32
		{5375E1EA-7204-4214-9C38-958962D81FEB}.Debug|x86.Build.0 = Debug|Win32
		{5375E1EA-7204-4214-9C38-958962D81FEB}.Release|x64.ActiveCfg = Release|x64
		{5375E1EA-7204-4214-9C38-958962D81FEB}.Release|x64.Build.0 = Release|x64
		{5375E1EA-7204-4214-9C38-958962D81FEB}.Release|x86.ActiveCfg = Release|Win32
		{5375E1EA-7204-4214-9C38-958962D81FEB}.Release|x86.Build.0 = Release|Win32
	EndGlobalSection
	GlobalSection(SolutionProperties) = preSolution
		HideSolutionNode = FALSE
	EndGlobalSection
	GlobalSection(ExtensibilityGlobals) = postSolution
		SolutionGuid = {F455ADF2-FF93-4BD8-8925-9F88E0BEB8A2}
	EndGlobalSection
EndGlobal
