<?xml version="1.0" encoding="utf-8"?>
<Project ToolsVersion="4.0" xmlns="http://schemas.microsoft.com/developer/msbuild/2003">
  <ItemGroup>
    <Filter Include="Engine">
      <UniqueIdentifier>{cd64a37d-d51c-4148-826c-6b4ba931ca74}</UniqueIdentifier>
    </Filter>
    <Filter Include="Util">
      <UniqueIdentifier>{59139c88-208b-4bb6-9854-3e0cef0457f2}</UniqueIdentifier>
    </Filter>
    <Filter Include="Manager">
      <UniqueIdentifier>{dbc8a783-d256-4311-8ad6-57b6cf381d95}</UniqueIdentifier>
    </Filter>
    <Filter Include="Asset">
      <UniqueIdentifier>{7919b778-da00-457d-9e54-53d41a65d747}</UniqueIdentifier>
    </Filter>
    <Filter Include="Interface">
      <UniqueIdentifier>{a59cf011-13bf-4957-8682-0ffc86b90a92}</UniqueIdentifier>
    </Filter>
    <Filter Include="Component">
      <UniqueIdentifier>{c4a3e0c2-ae0b-4ca7-8bed-ef9bfbdf57ea}</UniqueIdentifier>
    </Filter>
    <Filter Include="Asset\Resource">
      <UniqueIdentifier>{227bdd21-fccd-46ec-ad10-8b673e7bd5cd}</UniqueIdentifier>
    </Filter>
  </ItemGroup>
  <ItemGroup>
    <ClInclude Include="pch.h">
      <Filter>Engine</Filter>
    </ClInclude>
    <ClInclude Include="Engine.h">
      <Filter>Engine</Filter>
    </ClInclude>
    <ClInclude Include="EnginePch.h">
      <Filter>Engine</Filter>
    </ClInclude>
    <ClInclude Include="SingleTon.h">
      <Filter>Util</Filter>
    </ClInclude>
    <ClInclude Include="CEngine.h">
      <Filter>Engine</Filter>
    </ClInclude>
    <ClInclude Include="Struct.h">
      <Filter>Util</Filter>
    </ClInclude>
    <ClInclude Include="CTimeManager.h">
      <Filter>Manager</Filter>
    </ClInclude>
    <ClInclude Include="CRenderManager.h">
      <Filter>Manager</Filter>
    </ClInclude>
    <ClInclude Include="CInputManager.h">
      <Filter>Manager</Filter>
    </ClInclude>
    <ClInclude Include="CScene.h">
      <Filter>Asset</Filter>
    </ClInclude>
    <ClInclude Include="CSceneManager.h">
      <Filter>Manager</Filter>
    </ClInclude>
    <ClInclude Include="CGameObject.h">
      <Filter>Asset</Filter>
    </ClInclude>
    <ClInclude Include="Logger.h">
      <Filter>Util</Filter>
    </ClInclude>
    <ClInclude Include="CEventManager.h">
      <Filter>Manager</Filter>
    </ClInclude>
    <ClInclude Include="Component.h">
      <Filter>Util</Filter>
    </ClInclude>
    <ClInclude Include="IRender.h">
      <Filter>Interface</Filter>
    </ClInclude>
    <ClInclude Include="CCollider.h">
      <Filter>Component</Filter>
    </ClInclude>
    <ClInclude Include="CCollisionManager.h">
      <Filter>Manager</Filter>
    </ClInclude>
    <ClInclude Include="CPathManager.h">
      <Filter>Manager</Filter>
    </ClInclude>
    <ClInclude Include="CResource.h">
      <Filter>Asset\Resource</Filter>
    </ClInclude>
    <ClInclude Include="CImage.h">
      <Filter>Asset\Resource</Filter>
    </ClInclude>
  </ItemGroup>
  <ItemGroup>
    <ClCompile Include="pch.cpp">
      <Filter>Engine</Filter>
    </ClCompile>
    <ClCompile Include="CEngine.cpp">
      <Filter>Engine</Filter>
    </ClCompile>
    <ClCompile Include="CTimeManager.cpp">
      <Filter>Manager</Filter>
    </ClCompile>
    <ClCompile Include="CRenderManager.cpp">
      <Filter>Manager</Filter>
    </ClCompile>
    <ClCompile Include="CInputManager.cpp">
      <Filter>Manager</Filter>
    </ClCompile>
    <ClCompile Include="CScene.cpp">
      <Filter>Asset</Filter>
    </ClCompile>
    <ClCompile Include="CSceneManager.cpp">
      <Filter>Manager</Filter>
    </ClCompile>
    <ClCompile Include="CGameObject.cpp">
      <Filter>Asset</Filter>
    </ClCompile>
    <ClCompile Include="CEventManager.cpp">
      <Filter>Manager</Filter>
    </ClCompile>
    <ClCompile Include="CCollider.cpp">
      <Filter>Component</Filter>
    </ClCompile>
    <ClCompile Include="CCollisionManager.cpp">
      <Filter>Manager</Filter>
    </ClCompile>
    <ClCompile Include="CPathManager.cpp">
      <Filter>Manager</Filter>
    </ClCompile>
    <ClCompile Include="CResource.cpp">
      <Filter>Asset\Resource</Filter>
    </ClCompile>
    <ClCompile Include="CImage.cpp">
      <Filter>Asset\Resource</Filter>
    </ClCompile>
  </ItemGroup>
</Project>